// !$*UTF8*$!
{
	archiveVersion = 1;
	classes = {
	};
	objectVersion = 55;
	objects = {

/* Begin PBXBuildFile section */
		BC5B399B27C08BE8000DB3B8 /* Game.swift in Sources */ = {isa = PBXBuildFile; fileRef = BC5B399A27C08BE8000DB3B8 /* Game.swift */; };
		BC5B399C27C08BE8000DB3B8 /* Game.swift in Sources */ = {isa = PBXBuildFile; fileRef = BC5B399A27C08BE8000DB3B8 /* Game.swift */; };
		BC5B39CB27CFC243000DB3B8 /* WelcomeView.swift in Sources */ = {isa = PBXBuildFile; fileRef = BC5B39CA27CFC243000DB3B8 /* WelcomeView.swift */; };
		BC5B39CD27CFC6F3000DB3B8 /* GameColor.swift in Sources */ = {isa = PBXBuildFile; fileRef = BC5B39CC27CFC6F3000DB3B8 /* GameColor.swift */; };
		BC769D0F27B41C500037612D /* Question.swift in Sources */ = {isa = PBXBuildFile; fileRef = BC769D0E27B41C500037612D /* Question.swift */; };
		BC769D1027B41C500037612D /* Question.swift in Sources */ = {isa = PBXBuildFile; fileRef = BC769D0E27B41C500037612D /* Question.swift */; };
		BC769D1227B74BF60037612D /* ChoiceTextView.swift in Sources */ = {isa = PBXBuildFile; fileRef = BC769D1127B74BF60037612D /* ChoiceTextView.swift */; };
		BC769D1327B74BF60037612D /* ChoiceTextView.swift in Sources */ = {isa = PBXBuildFile; fileRef = BC769D1127B74BF60037612D /* ChoiceTextView.swift */; };
		BCAE8F5027977D8400A253AF /* Tests_iOS.swift in Sources */ = {isa = PBXBuildFile; fileRef = BCAE8F4F27977D8400A253AF /* Tests_iOS.swift */; };
		BCAE8F5227977D8400A253AF /* Tests_iOSLaunchTests.swift in Sources */ = {isa = PBXBuildFile; fileRef = BCAE8F5127977D8400A253AF /* Tests_iOSLaunchTests.swift */; };
		BCAE8F5C27977D8400A253AF /* Tests_macOS.swift in Sources */ = {isa = PBXBuildFile; fileRef = BCAE8F5B27977D8400A253AF /* Tests_macOS.swift */; };
		BCAE8F5E27977D8400A253AF /* Tests_macOSLaunchTests.swift in Sources */ = {isa = PBXBuildFile; fileRef = BCAE8F5D27977D8400A253AF /* Tests_macOSLaunchTests.swift */; };
		BCAE8F5F27977D8400A253AF /* CodeHistoryApp.swift in Sources */ = {isa = PBXBuildFile; fileRef = BCAE8F3727977D8200A253AF /* CodeHistoryApp.swift */; };
		BCAE8F6027977D8400A253AF /* CodeHistoryApp.swift in Sources */ = {isa = PBXBuildFile; fileRef = BCAE8F3727977D8200A253AF /* CodeHistoryApp.swift */; };
		BCAE8F6127977D8400A253AF /* GameView.swift in Sources */ = {isa = PBXBuildFile; fileRef = BCAE8F3827977D8200A253AF /* GameView.swift */; };
		BCAE8F6227977D8400A253AF /* GameView.swift in Sources */ = {isa = PBXBuildFile; fileRef = BCAE8F3827977D8200A253AF /* GameView.swift */; };
		BCAE8F6327977D8400A253AF /* Assets.xcassets in Resources */ = {isa = PBXBuildFile; fileRef = BCAE8F3927977D8400A253AF /* Assets.xcassets */; };
		BCAE8F6427977D8400A253AF /* Assets.xcassets in Resources */ = {isa = PBXBuildFile; fileRef = BCAE8F3927977D8400A253AF /* Assets.xcassets */; };
/* End PBXBuildFile section */

/* Begin PBXContainerItemProxy section */
		BCAE8F4C27977D8400A253AF /* PBXContainerItemProxy */ = {
			isa = PBXContainerItemProxy;
			containerPortal = BCAE8F3227977D8200A253AF /* Project object */;
			proxyType = 1;
			remoteGlobalIDString = BCAE8F3D27977D8400A253AF;
			remoteInfo = "CodeHistory (iOS)";
		};
		BCAE8F5827977D8400A253AF /* PBXContainerItemProxy */ = {
			isa = PBXContainerItemProxy;
			containerPortal = BCAE8F3227977D8200A253AF /* Project object */;
			proxyType = 1;
			remoteGlobalIDString = BCAE8F4327977D8400A253AF;
			remoteInfo = "CodeHistory (macOS)";
		};
/* End PBXContainerItemProxy section */

/* Begin PBXFileReference section */
		BC5B399A27C08BE8000DB3B8 /* Game.swift */ = {isa = PBXFileReference; lastKnownFileType = sourcecode.swift; path = Game.swift; sourceTree = "<group>"; };
		BC5B39CA27CFC243000DB3B8 /* WelcomeView.swift */ = {isa = PBXFileReference; lastKnownFileType = sourcecode.swift; path = WelcomeView.swift; sourceTree = "<group>"; };
		BC5B39CC27CFC6F3000DB3B8 /* GameColor.swift */ = {isa = PBXFileReference; lastKnownFileType = sourcecode.swift; path = GameColor.swift; sourceTree = "<group>"; };
		BC769D0E27B41C500037612D /* Question.swift */ = {isa = PBXFileReference; lastKnownFileType = sourcecode.swift; path = Question.swift; sourceTree = "<group>"; };
		BC769D1127B74BF60037612D /* ChoiceTextView.swift */ = {isa = PBXFileReference; lastKnownFileType = sourcecode.swift; path = ChoiceTextView.swift; sourceTree = "<group>"; };
		BCAE8F3727977D8200A253AF /* CodeHistoryApp.swift */ = {isa = PBXFileReference; lastKnownFileType = sourcecode.swift; path = CodeHistoryApp.swift; sourceTree = "<group>"; };
		BCAE8F3827977D8200A253AF /* GameView.swift */ = {isa = PBXFileReference; lastKnownFileType = sourcecode.swift; path = GameView.swift; sourceTree = "<group>"; };
		BCAE8F3927977D8400A253AF /* Assets.xcassets */ = {isa = PBXFileReference; lastKnownFileType = folder.assetcatalog; path = Assets.xcassets; sourceTree = "<group>"; };
		BCAE8F3E27977D8400A253AF /* CodeHistory.app */ = {isa = PBXFileReference; explicitFileType = wrapper.application; includeInIndex = 0; path = CodeHistory.app; sourceTree = BUILT_PRODUCTS_DIR; };
		BCAE8F4427977D8400A253AF /* CodeHistory.app */ = {isa = PBXFileReference; explicitFileType = wrapper.application; includeInIndex = 0; path = CodeHistory.app; sourceTree = BUILT_PRODUCTS_DIR; };
		BCAE8F4627977D8400A253AF /* macOS.entitlements */ = {isa = PBXFileReference; lastKnownFileType = text.plist.entitlements; path = macOS.entitlements; sourceTree = "<group>"; };
		BCAE8F4B27977D8400A253AF /* Tests iOS.xctest */ = {isa = PBXFileReference; explicitFileType = wrapper.cfbundle; includeInIndex = 0; path = "Tests iOS.xctest"; sourceTree = BUILT_PRODUCTS_DIR; };
		BCAE8F4F27977D8400A253AF /* Tests_iOS.swift */ = {isa = PBXFileReference; lastKnownFileType = sourcecode.swift; path = Tests_iOS.swift; sourceTree = "<group>"; };
		BCAE8F5127977D8400A253AF /* Tests_iOSLaunchTests.swift */ = {isa = PBXFileReference; lastKnownFileType = sourcecode.swift; path = Tests_iOSLaunchTests.swift; sourceTree = "<group>"; };
		BCAE8F5727977D8400A253AF /* Tests macOS.xctest */ = {isa = PBXFileReference; explicitFileType = wrapper.cfbundle; includeInIndex = 0; path = "Tests macOS.xctest"; sourceTree = BUILT_PRODUCTS_DIR; };
		BCAE8F5B27977D8400A253AF /* Tests_macOS.swift */ = {isa = PBXFileReference; lastKnownFileType = sourcecode.swift; path = Tests_macOS.swift; sourceTree = "<group>"; };
		BCAE8F5D27977D8400A253AF /* Tests_macOSLaunchTests.swift */ = {isa = PBXFileReference; lastKnownFileType = sourcecode.swift; path = Tests_macOSLaunchTests.swift; sourceTree = "<group>"; };
/* End PBXFileReference section */

/* Begin PBXFrameworksBuildPhase section */
		BCAE8F3B27977D8400A253AF /* Frameworks */ = {
			isa = PBXFrameworksBuildPhase;
			buildActionMask = 2147483647;
			files = (
			);
			runOnlyForDeploymentPostprocessing = 0;
		};
		BCAE8F4127977D8400A253AF /* Frameworks */ = {
			isa = PBXFrameworksBuildPhase;
			buildActionMask = 2147483647;
			files = (
			);
			runOnlyForDeploymentPostprocessing = 0;
		};
		BCAE8F4827977D8400A253AF /* Frameworks */ = {
			isa = PBXFrameworksBuildPhase;
			buildActionMask = 2147483647;
			files = (
			);
			runOnlyForDeploymentPostprocessing = 0;
		};
		BCAE8F5427977D8400A253AF /* Frameworks */ = {
			isa = PBXFrameworksBuildPhase;
			buildActionMask = 2147483647;
			files = (
			);
			runOnlyForDeploymentPostprocessing = 0;
		};
/* End PBXFrameworksBuildPhase section */

/* Begin PBXGroup section */
		BC5B399D27C08C36000DB3B8 /* Models */ = {
			isa = PBXGroup;
			children = (
				BC769D0E27B41C500037612D /* Question.swift */,
				BC5B399A27C08BE8000DB3B8 /* Game.swift */,
			);
			path = Models;
			sourceTree = "<group>";
		};
		BC5B399E27C08C7C000DB3B8 /* Views */ = {
			isa = PBXGroup;
			children = (
				BC5B39CA27CFC243000DB3B8 /* WelcomeView.swift */,
				BCAE8F3827977D8200A253AF /* GameView.swift */,
				BC769D1127B74BF60037612D /* ChoiceTextView.swift */,
				BC5B39CC27CFC6F3000DB3B8 /* GameColor.swift */,
			);
			path = Views;
			sourceTree = "<group>";
		};
		BCAE8F3127977D8200A253AF = {
			isa = PBXGroup;
			children = (
				BCAE8F3627977D8200A253AF /* Shared */,
				BCAE8F4527977D8400A253AF /* macOS */,
				BCAE8F4E27977D8400A253AF /* Tests iOS */,
				BCAE8F5A27977D8400A253AF /* Tests macOS */,
				BCAE8F3F27977D8400A253AF /* Products */,
			);
			sourceTree = "<group>";
		};
		BCAE8F3627977D8200A253AF /* Shared */ = {
			isa = PBXGroup;
			children = (
				BC5B399E27C08C7C000DB3B8 /* Views */,
				BC5B399D27C08C36000DB3B8 /* Models */,
				BCAE8F3727977D8200A253AF /* CodeHistoryApp.swift */,
				BCAE8F3927977D8400A253AF /* Assets.xcassets */,
			);
			path = Shared;
			sourceTree = "<group>";
		};
		BCAE8F3F27977D8400A253AF /* Products */ = {
			isa = PBXGroup;
			children = (
				BCAE8F3E27977D8400A253AF /* CodeHistory.app */,
				BCAE8F4427977D8400A253AF /* CodeHistory.app */,
				BCAE8F4B27977D8400A253AF /* Tests iOS.xctest */,
				BCAE8F5727977D8400A253AF /* Tests macOS.xctest */,
			);
			name = Products;
			sourceTree = "<group>";
		};
		BCAE8F4527977D8400A253AF /* macOS */ = {
			isa = PBXGroup;
			children = (
				BCAE8F4627977D8400A253AF /* macOS.entitlements */,
			);
			path = macOS;
			sourceTree = "<group>";
		};
		BCAE8F4E27977D8400A253AF /* Tests iOS */ = {
			isa = PBXGroup;
			children = (
				BCAE8F4F27977D8400A253AF /* Tests_iOS.swift */,
				BCAE8F5127977D8400A253AF /* Tests_iOSLaunchTests.swift */,
			);
			path = "Tests iOS";
			sourceTree = "<group>";
		};
		BCAE8F5A27977D8400A253AF /* Tests macOS */ = {
			isa = PBXGroup;
			children = (
				BCAE8F5B27977D8400A253AF /* Tests_macOS.swift */,
				BCAE8F5D27977D8400A253AF /* Tests_macOSLaunchTests.swift */,
			);
			path = "Tests macOS";
			sourceTree = "<group>";
		};
/* End PBXGroup section */

/* Begin PBXNativeTarget section */
		BCAE8F3D27977D8400A253AF /* CodeHistory (iOS) */ = {
			isa = PBXNativeTarget;
			buildConfigurationList = BCAE8F6727977D8400A253AF /* Build configuration list for PBXNativeTarget "CodeHistory (iOS)" */;
			buildPhases = (
				BCAE8F3A27977D8400A253AF /* Sources */,
				BCAE8F3B27977D8400A253AF /* Frameworks */,
				BCAE8F3C27977D8400A253AF /* Resources */,
			);
			buildRules = (
			);
			dependencies = (
			);
			name = "CodeHistory (iOS)";
			productName = "CodeHistory (iOS)";
			productReference = BCAE8F3E27977D8400A253AF /* CodeHistory.app */;
			productType = "com.apple.product-type.application";
		};
		BCAE8F4327977D8400A253AF /* CodeHistory (macOS) */ = {
			isa = PBXNativeTarget;
			buildConfigurationList = BCAE8F6A27977D8400A253AF /* Build configuration list for PBXNativeTarget "CodeHistory (macOS)" */;
			buildPhases = (
				BCAE8F4027977D8400A253AF /* Sources */,
				BCAE8F4127977D8400A253AF /* Frameworks */,
				BCAE8F4227977D8400A253AF /* Resources */,
			);
			buildRules = (
			);
			dependencies = (
			);
			name = "CodeHistory (macOS)";
			productName = "CodeHistory (macOS)";
			productReference = BCAE8F4427977D8400A253AF /* CodeHistory.app */;
			productType = "com.apple.product-type.application";
		};
		BCAE8F4A27977D8400A253AF /* Tests iOS */ = {
			isa = PBXNativeTarget;
			buildConfigurationList = BCAE8F6D27977D8400A253AF /* Build configuration list for PBXNativeTarget "Tests iOS" */;
			buildPhases = (
				BCAE8F4727977D8400A253AF /* Sources */,
				BCAE8F4827977D8400A253AF /* Frameworks */,
				BCAE8F4927977D8400A253AF /* Resources */,
			);
			buildRules = (
			);
			dependencies = (
				BCAE8F4D27977D8400A253AF /* PBXTargetDependency */,
			);
			name = "Tests iOS";
			productName = "Tests iOS";
			productReference = BCAE8F4B27977D8400A253AF /* Tests iOS.xctest */;
			productType = "com.apple.product-type.bundle.ui-testing";
		};
		BCAE8F5627977D8400A253AF /* Tests macOS */ = {
			isa = PBXNativeTarget;
			buildConfigurationList = BCAE8F7027977D8400A253AF /* Build configuration list for PBXNativeTarget "Tests macOS" */;
			buildPhases = (
				BCAE8F5327977D8400A253AF /* Sources */,
				BCAE8F5427977D8400A253AF /* Frameworks */,
				BCAE8F5527977D8400A253AF /* Resources */,
			);
			buildRules = (
			);
			dependencies = (
				BCAE8F5927977D8400A253AF /* PBXTargetDependency */,
			);
			name = "Tests macOS";
			productName = "Tests macOS";
			productReference = BCAE8F5727977D8400A253AF /* Tests macOS.xctest */;
			productType = "com.apple.product-type.bundle.ui-testing";
		};
/* End PBXNativeTarget section */

/* Begin PBXProject section */
		BCAE8F3227977D8200A253AF /* Project object */ = {
			isa = PBXProject;
			attributes = {
				BuildIndependentTargetsInParallel = 1;
				LastSwiftUpdateCheck = 1320;
				LastUpgradeCheck = 1320;
				TargetAttributes = {
					BCAE8F3D27977D8400A253AF = {
						CreatedOnToolsVersion = 13.2.1;
					};
					BCAE8F4327977D8400A253AF = {
						CreatedOnToolsVersion = 13.2.1;
					};
					BCAE8F4A27977D8400A253AF = {
						CreatedOnToolsVersion = 13.2.1;
						TestTargetID = BCAE8F3D27977D8400A253AF;
					};
					BCAE8F5627977D8400A253AF = {
						CreatedOnToolsVersion = 13.2.1;
						TestTargetID = BCAE8F4327977D8400A253AF;
					};
				};
			};
			buildConfigurationList = BCAE8F3527977D8200A253AF /* Build configuration list for PBXProject "CodeHistory" */;
			compatibilityVersion = "Xcode 13.0";
			developmentRegion = en;
			hasScannedForEncodings = 0;
			knownRegions = (
				en,
				Base,
			);
			mainGroup = BCAE8F3127977D8200A253AF;
			productRefGroup = BCAE8F3F27977D8400A253AF /* Products */;
			projectDirPath = "";
			projectRoot = "";
			targets = (
				BCAE8F3D27977D8400A253AF /* CodeHistory (iOS) */,
				BCAE8F4327977D8400A253AF /* CodeHistory (macOS) */,
				BCAE8F4A27977D8400A253AF /* Tests iOS */,
				BCAE8F5627977D8400A253AF /* Tests macOS */,
			);
		};
/* End PBXProject section */

/* Begin PBXResourcesBuildPhase section */
		BCAE8F3C27977D8400A253AF /* Resources */ = {
			isa = PBXResourcesBuildPhase;
			buildActionMask = 2147483647;
			files = (
				BCAE8F6327977D8400A253AF /* Assets.xcassets in Resources */,
			);
			runOnlyForDeploymentPostprocessing = 0;
		};
		BCAE8F4227977D8400A253AF /* Resources */ = {
			isa = PBXResourcesBuildPhase;
			buildActionMask = 2147483647;
			files = (
				BCAE8F6427977D8400A253AF /* Assets.xcassets in Resources */,
			);
			runOnlyForDeploymentPostprocessing = 0;
		};
		BCAE8F4927977D8400A253AF /* Resources */ = {
			isa = PBXResourcesBuildPhase;
			buildActionMask = 2147483647;
			files = (
			);
			runOnlyForDeploymentPostprocessing = 0;
		};
		BCAE8F5527977D8400A253AF /* Resources */ = {
			isa = PBXResourcesBuildPhase;
			buildActionMask = 2147483647;
			files = (
			);
			runOnlyForDeploymentPostprocessing = 0;
		};
/* End PBXResourcesBuildPhase section */

/* Begin PBXSourcesBuildPhase section */
		BCAE8F3A27977D8400A253AF /* Sources */ = {
			isa = PBXSourcesBuildPhase;
			buildActionMask = 2147483647;
			files = (
				BC769D0F27B41C500037612D /* Question.swift in Sources */,
				BC5B39CB27CFC243000DB3B8 /* WelcomeView.swift in Sources */,
				BC5B399B27C08BE8000DB3B8 /* Game.swift in Sources */,
				BCAE8F6127977D8400A253AF /* GameView.swift in Sources */,
				BC5B39CD27CFC6F3000DB3B8 /* GameColor.swift in Sources */,
				BC769D1227B74BF60037612D /* ChoiceTextView.swift in Sources */,
				BCAE8F5F27977D8400A253AF /* CodeHistoryApp.swift in Sources */,
			);
			runOnlyForDeploymentPostprocessing = 0;
		};
		BCAE8F4027977D8400A253AF /* Sources */ = {
			isa = PBXSourcesBuildPhase;
			buildActionMask = 2147483647;
			files = (
				BC769D1027B41C500037612D /* Question.swift in Sources */,
				BC5B399C27C08BE8000DB3B8 /* Game.swift in Sources */,
				BCAE8F6227977D8400A253AF /* GameView.swift in Sources */,
				BC769D1327B74BF60037612D /* ChoiceTextView.swift in Sources */,
				BCAE8F6027977D8400A253AF /* CodeHistoryApp.swift in Sources */,
			);
			runOnlyForDeploymentPostprocessing = 0;
		};
		BCAE8F4727977D8400A253AF /* Sources */ = {
			isa = PBXSourcesBuildPhase;
			buildActionMask = 2147483647;
			files = (
				BCAE8F5227977D8400A253AF /* Tests_iOSLaunchTests.swift in Sources */,
				BCAE8F5027977D8400A253AF /* Tests_iOS.swift in Sources */,
			);
			runOnlyForDeploymentPostprocessing = 0;
		};
		BCAE8F5327977D8400A253AF /* Sources */ = {
			isa = PBXSourcesBuildPhase;
			buildActionMask = 2147483647;
			files = (
				BCAE8F5E27977D8400A253AF /* Tests_macOSLaunchTests.swift in Sources */,
				BCAE8F5C27977D8400A253AF /* Tests_macOS.swift in Sources */,
			);
			runOnlyForDeploymentPostprocessing = 0;
		};
/* End PBXSourcesBuildPhase section */

/* Begin PBXTargetDependency section */
		BCAE8F4D27977D8400A253AF /* PBXTargetDependency */ = {
			isa = PBXTargetDependency;
			target = BCAE8F3D27977D8400A253AF /* CodeHistory (iOS) */;
			targetProxy = BCAE8F4C27977D8400A253AF /* PBXContainerItemProxy */;
		};
		BCAE8F5927977D8400A253AF /* PBXTargetDependency */ = {
			isa = PBXTargetDependency;
			target = BCAE8F4327977D8400A253AF /* CodeHistory (macOS) */;
			targetProxy = BCAE8F5827977D8400A253AF /* PBXContainerItemProxy */;
		};
/* End PBXTargetDependency section */

/* Begin XCBuildConfiguration section */
		BCAE8F6527977D8400A253AF /* Debug */ = {
			isa = XCBuildConfiguration;
			buildSettings = {
				ALWAYS_SEARCH_USER_PATHS = NO;
				CLANG_ANALYZER_NONNULL = YES;
				CLANG_ANALYZER_NUMBER_OBJECT_CONVERSION = YES_AGGRESSIVE;
				CLANG_CXX_LANGUAGE_STANDARD = "gnu++17";
				CLANG_CXX_LIBRARY = "libc++";
				CLANG_ENABLE_MODULES = YES;
				CLANG_ENABLE_OBJC_ARC = YES;
				CLANG_ENABLE_OBJC_WEAK = YES;
				CLANG_WARN_BLOCK_CAPTURE_AUTORELEASING = YES;
				CLANG_WARN_BOOL_CONVERSION = YES;
				CLANG_WARN_COMMA = YES;
				CLANG_WARN_CONSTANT_CONVERSION = YES;
				CLANG_WARN_DEPRECATED_OBJC_IMPLEMENTATIONS = YES;
				CLANG_WARN_DIRECT_OBJC_ISA_USAGE = YES_ERROR;
				CLANG_WARN_DOCUMENTATION_COMMENTS = YES;
				CLANG_WARN_EMPTY_BODY = YES;
				CLANG_WARN_ENUM_CONVERSION = YES;
				CLANG_WARN_INFINITE_RECURSION = YES;
				CLANG_WARN_INT_CONVERSION = YES;
				CLANG_WARN_NON_LITERAL_NULL_CONVERSION = YES;
				CLANG_WARN_OBJC_IMPLICIT_RETAIN_SELF = YES;
				CLANG_WARN_OBJC_LITERAL_CONVERSION = YES;
				CLANG_WARN_OBJC_ROOT_CLASS = YES_ERROR;
				CLANG_WARN_QUOTED_INCLUDE_IN_FRAMEWORK_HEADER = YES;
				CLANG_WARN_RANGE_LOOP_ANALYSIS = YES;
				CLANG_WARN_STRICT_PROTOTYPES = YES;
				CLANG_WARN_SUSPICIOUS_MOVE = YES;
				CLANG_WARN_UNGUARDED_AVAILABILITY = YES_AGGRESSIVE;
				CLANG_WARN_UNREACHABLE_CODE = YES;
				CLANG_WARN__DUPLICATE_METHOD_MATCH = YES;
				COPY_PHASE_STRIP = NO;
				DEBUG_INFORMATION_FORMAT = dwarf;
				ENABLE_STRICT_OBJC_MSGSEND = YES;
				ENABLE_TESTABILITY = YES;
				GCC_C_LANGUAGE_STANDARD = gnu11;
				GCC_DYNAMIC_NO_PIC = NO;
				GCC_NO_COMMON_BLOCKS = YES;
				GCC_OPTIMIZATION_LEVEL = 0;
				GCC_PREPROCESSOR_DEFINITIONS = (
					"DEBUG=1",
					"$(inherited)",
				);
				GCC_WARN_64_TO_32_BIT_CONVERSION = YES;
				GCC_WARN_ABOUT_RETURN_TYPE = YES_ERROR;
				GCC_WARN_UNDECLARED_SELECTOR = YES;
				GCC_WARN_UNINITIALIZED_AUTOS = YES_AGGRESSIVE;
				GCC_WARN_UNUSED_FUNCTION = YES;
				GCC_WARN_UNUSED_VARIABLE = YES;
				MTL_ENABLE_DEBUG_INFO = INCLUDE_SOURCE;
				MTL_FAST_MATH = YES;
				ONLY_ACTIVE_ARCH = YES;
				SWIFT_ACTIVE_COMPILATION_CONDITIONS = DEBUG;
				SWIFT_OPTIMIZATION_LEVEL = "-Onone";
			};
			name = Debug;
		};
		BCAE8F6627977D8400A253AF /* Release */ = {
			isa = XCBuildConfiguration;
			buildSettings = {
				ALWAYS_SEARCH_USER_PATHS = NO;
				CLANG_ANALYZER_NONNULL = YES;
				CLANG_ANALYZER_NUMBER_OBJECT_CONVERSION = YES_AGGRESSIVE;
				CLANG_CXX_LANGUAGE_STANDARD = "gnu++17";
				CLANG_CXX_LIBRARY = "libc++";
				CLANG_ENABLE_MODULES = YES;
				CLANG_ENABLE_OBJC_ARC = YES;
				CLANG_ENABLE_OBJC_WEAK = YES;
				CLANG_WARN_BLOCK_CAPTURE_AUTORELEASING = YES;
				CLANG_WARN_BOOL_CONVERSION = YES;
				CLANG_WARN_COMMA = YES;
				CLANG_WARN_CONSTANT_CONVERSION = YES;
				CLANG_WARN_DEPRECATED_OBJC_IMPLEMENTATIONS = YES;
				CLANG_WARN_DIRECT_OBJC_ISA_USAGE = YES_ERROR;
				CLANG_WARN_DOCUMENTATION_COMMENTS = YES;
				CLANG_WARN_EMPTY_BODY = YES;
				CLANG_WARN_ENUM_CONVERSION = YES;
				CLANG_WARN_INFINITE_RECURSION = YES;
				CLANG_WARN_INT_CONVERSION = YES;
				CLANG_WARN_NON_LITERAL_NULL_CONVERSION = YES;
				CLANG_WARN_OBJC_IMPLICIT_RETAIN_SELF = YES;
				CLANG_WARN_OBJC_LITERAL_CONVERSION = YES;
				CLANG_WARN_OBJC_ROOT_CLASS = YES_ERROR;
				CLANG_WARN_QUOTED_INCLUDE_IN_FRAMEWORK_HEADER = YES;
				CLANG_WARN_RANGE_LOOP_ANALYSIS = YES;
				CLANG_WARN_STRICT_PROTOTYPES = YES;
				CLANG_WARN_SUSPICIOUS_MOVE = YES;
				CLANG_WARN_UNGUARDED_AVAILABILITY = YES_AGGRESSIVE;
				CLANG_WARN_UNREACHABLE_CODE = YES;
				CLANG_WARN__DUPLICATE_METHOD_MATCH = YES;
				COPY_PHASE_STRIP = NO;
				DEBUG_INFORMATION_FORMAT = "dwarf-with-dsym";
				ENABLE_NS_ASSERTIONS = NO;
				ENABLE_STRICT_OBJC_MSGSEND = YES;
				GCC_C_LANGUAGE_STANDARD = gnu11;
				GCC_NO_COMMON_BLOCKS = YES;
				GCC_WARN_64_TO_32_BIT_CONVERSION = YES;
				GCC_WARN_ABOUT_RETURN_TYPE = YES_ERROR;
				GCC_WARN_UNDECLARED_SELECTOR = YES;
				GCC_WARN_UNINITIALIZED_AUTOS = YES_AGGRESSIVE;
				GCC_WARN_UNUSED_FUNCTION = YES;
				GCC_WARN_UNUSED_VARIABLE = YES;
				MTL_ENABLE_DEBUG_INFO = NO;
				MTL_FAST_MATH = YES;
				SWIFT_COMPILATION_MODE = wholemodule;
				SWIFT_OPTIMIZATION_LEVEL = "-O";
			};
			name = Release;
		};
		BCAE8F6827977D8400A253AF /* Debug */ = {
			isa = XCBuildConfiguration;
			buildSettings = {
				ASSETCATALOG_COMPILER_APPICON_NAME = AppIcon;
				ASSETCATALOG_COMPILER_GLOBAL_ACCENT_COLOR_NAME = AccentColor;
				CODE_SIGN_STYLE = Automatic;
				CURRENT_PROJECT_VERSION = 1;
				DEVELOPMENT_TEAM = 4VMH6Q2QV2;
				ENABLE_PREVIEWS = YES;
				GENERATE_INFOPLIST_FILE = YES;
				INFOPLIST_KEY_UIApplicationSceneManifest_Generation = YES;
				INFOPLIST_KEY_UIApplicationSupportsIndirectInputEvents = YES;
				INFOPLIST_KEY_UILaunchScreen_Generation = YES;
				INFOPLIST_KEY_UISupportedInterfaceOrientations_iPad = "UIInterfaceOrientationPortrait UIInterfaceOrientationPortraitUpsideDown UIInterfaceOrientationLandscapeLeft UIInterfaceOrientationLandscapeRight";
				INFOPLIST_KEY_UISupportedInterfaceOrientations_iPhone = "UIInterfaceOrientationPortrait UIInterfaceOrientationLandscapeLeft UIInterfaceOrientationLandscapeRight";
				IPHONEOS_DEPLOYMENT_TARGET = 15.2;
				LD_RUNPATH_SEARCH_PATHS = (
					"$(inherited)",
					"@executable_path/Frameworks",
				);
				MARKETING_VERSION = 1.0;
				PRODUCT_BUNDLE_IDENTIFIER = brittanie.CodeHistory;
				PRODUCT_NAME = CodeHistory;
				SDKROOT = iphoneos;
				SWIFT_EMIT_LOC_STRINGS = YES;
				SWIFT_VERSION = 5.0;
				TARGETED_DEVICE_FAMILY = "1,2";
			};
			name = Debug;
		};
		BCAE8F6927977D8400A253AF /* Release */ = {
			isa = XCBuildConfiguration;
			buildSettings = {
				ASSETCATALOG_COMPILER_APPICON_NAME = AppIcon;
				ASSETCATALOG_COMPILER_GLOBAL_ACCENT_COLOR_NAME = AccentColor;
				CODE_SIGN_STYLE = Automatic;
				CURRENT_PROJECT_VERSION = 1;
				DEVELOPMENT_TEAM = 4VMH6Q2QV2;
				ENABLE_PREVIEWS = YES;
				GENERATE_INFOPLIST_FILE = YES;
				INFOPLIST_KEY_UIApplicationSceneManifest_Generation = YES;
				INFOPLIST_KEY_UIApplicationSupportsIndirectInputEvents = YES;
				INFOPLIST_KEY_UILaunchScreen_Generation = YES;
				INFOPLIST_KEY_UISupportedInterfaceOrientations_iPad = "UIInterfaceOrientationPortrait UIInterfaceOrientationPortraitUpsideDown UIInterfaceOrientationLandscapeLeft UIInterfaceOrientationLandscapeRight";
				INFOPLIST_KEY_UISupportedInterfaceOrientations_iPhone = "UIInterfaceOrientationPortrait UIInterfaceOrientationLandscapeLeft UIInterfaceOrientationLandscapeRight";
				IPHONEOS_DEPLOYMENT_TARGET = 15.2;
				LD_RUNPATH_SEARCH_PATHS = (
					"$(inherited)",
					"@executable_path/Frameworks",
				);
				MARKETING_VERSION = 1.0;
				PRODUCT_BUNDLE_IDENTIFIER = brittanie.CodeHistory;
				PRODUCT_NAME = CodeHistory;
				SDKROOT = iphoneos;
				SWIFT_EMIT_LOC_STRINGS = YES;
				SWIFT_VERSION = 5.0;
				TARGETED_DEVICE_FAMILY = "1,2";
				VALIDATE_PRODUCT = YES;
			};
			name = Release;
		};
		BCAE8F6B27977D8400A253AF /* Debug */ = {
			isa = XCBuildConfiguration;
			buildSettings = {
				ASSETCATALOG_COMPILER_APPICON_NAME = AppIcon;
				ASSETCATALOG_COMPILER_GLOBAL_ACCENT_COLOR_NAME = AccentColor;
				CODE_SIGN_ENTITLEMENTS = macOS/macOS.entitlements;
				CODE_SIGN_STYLE = Automatic;
				COMBINE_HIDPI_IMAGES = YES;
				CURRENT_PROJECT_VERSION = 1;
				DEVELOPMENT_TEAM = 4VMH6Q2QV2;
				ENABLE_HARDENED_RUNTIME = YES;
				ENABLE_PREVIEWS = YES;
				GENERATE_INFOPLIST_FILE = YES;
				INFOPLIST_KEY_NSHumanReadableCopyright = "";
				LD_RUNPATH_SEARCH_PATHS = (
					"$(inherited)",
					"@executable_path/../Frameworks",
				);
				MACOSX_DEPLOYMENT_TARGET = 12.0;
				MARKETING_VERSION = 1.0;
				PRODUCT_BUNDLE_IDENTIFIER = brittanie.CodeHistory;
				PRODUCT_NAME = CodeHistory;
				SDKROOT = macosx;
				SWIFT_EMIT_LOC_STRINGS = YES;
				SWIFT_VERSION = 5.0;
			};
			name = Debug;
		};
		BCAE8F6C27977D8400A253AF /* Release */ = {
			isa = XCBuildConfiguration;
			buildSettings = {
				ASSETCATALOG_COMPILER_APPICON_NAME = AppIcon;
				ASSETCATALOG_COMPILER_GLOBAL_ACCENT_COLOR_NAME = AccentColor;
				CODE_SIGN_ENTITLEMENTS = macOS/macOS.entitlements;
				CODE_SIGN_STYLE = Automatic;
				COMBINE_HIDPI_IMAGES = YES;
				CURRENT_PROJECT_VERSION = 1;
				DEVELOPMENT_TEAM = 4VMH6Q2QV2;
				ENABLE_HARDENED_RUNTIME = YES;
				ENABLE_PREVIEWS = YES;
				GENERATE_INFOPLIST_FILE = YES;
				INFOPLIST_KEY_NSHumanReadableCopyright = "";
				LD_RUNPATH_SEARCH_PATHS = (
					"$(inherited)",
					"@executable_path/../Frameworks",
				);
				MACOSX_DEPLOYMENT_TARGET = 12.0;
				MARKETING_VERSION = 1.0;
				PRODUCT_BUNDLE_IDENTIFIER = brittanie.CodeHistory;
				PRODUCT_NAME = CodeHistory;
				SDKROOT = macosx;
				SWIFT_EMIT_LOC_STRINGS = YES;
				SWIFT_VERSION = 5.0;
			};
			name = Release;
		};
		BCAE8F6E27977D8400A253AF /* Debug */ = {
			isa = XCBuildConfiguration;
			buildSettings = {
				ALWAYS_EMBED_SWIFT_STANDARD_LIBRARIES = YES;
				CODE_SIGN_STYLE = Automatic;
				CURRENT_PROJECT_VERSION = 1;
				DEVELOPMENT_TEAM = 4VMH6Q2QV2;
				GENERATE_INFOPLIST_FILE = YES;
				IPHONEOS_DEPLOYMENT_TARGET = 15.2;
				MARKETING_VERSION = 1.0;
				PRODUCT_BUNDLE_IDENTIFIER = "brittanie.Tests-iOS";
				PRODUCT_NAME = "$(TARGET_NAME)";
				SDKROOT = iphoneos;
				SWIFT_EMIT_LOC_STRINGS = NO;
				SWIFT_VERSION = 5.0;
				TARGETED_DEVICE_FAMILY = "1,2";
				TEST_TARGET_NAME = "CodeHistory (iOS)";
			};
			name = Debug;
		};
		BCAE8F6F27977D8400A253AF /* Release */ = {
			isa = XCBuildConfiguration;
			buildSettings = {
				ALWAYS_EMBED_SWIFT_STANDARD_LIBRARIES = YES;
				CODE_SIGN_STYLE = Automatic;
				CURRENT_PROJECT_VERSION = 1;
				DEVELOPMENT_TEAM = 4VMH6Q2QV2;
				GENERATE_INFOPLIST_FILE = YES;
				IPHONEOS_DEPLOYMENT_TARGET = 15.2;
				MARKETING_VERSION = 1.0;
				PRODUCT_BUNDLE_IDENTIFIER = "brittanie.Tests-iOS";
				PRODUCT_NAME = "$(TARGET_NAME)";
				SDKROOT = iphoneos;
				SWIFT_EMIT_LOC_STRINGS = NO;
				SWIFT_VERSION = 5.0;
				TARGETED_DEVICE_FAMILY = "1,2";
				TEST_TARGET_NAME = "CodeHistory (iOS)";
				VALIDATE_PRODUCT = YES;
			};
			name = Release;
		};
		BCAE8F7127977D8400A253AF /* Debug */ = {
			isa = XCBuildConfiguration;
			buildSettings = {
				ALWAYS_EMBED_SWIFT_STANDARD_LIBRARIES = YES;
				CODE_SIGN_STYLE = Automatic;
				CURRENT_PROJECT_VERSION = 1;
				DEVELOPMENT_TEAM = 4VMH6Q2QV2;
				GENERATE_INFOPLIST_FILE = YES;
				MACOSX_DEPLOYMENT_TARGET = 12.0;
				MARKETING_VERSION = 1.0;
				PRODUCT_BUNDLE_IDENTIFIER = "brittanie.Tests-macOS";
				PRODUCT_NAME = "$(TARGET_NAME)";
				SDKROOT = macosx;
				SWIFT_EMIT_LOC_STRINGS = NO;
				SWIFT_VERSION = 5.0;
				TEST_TARGET_NAME = "CodeHistory (macOS)";
			};
			name = Debug;
		};
		BCAE8F7227977D8400A253AF /* Release */ = {
			isa = XCBuildConfiguration;
			buildSettings = {
				ALWAYS_EMBED_SWIFT_STANDARD_LIBRARIES = YES;
				CODE_SIGN_STYLE = Automatic;
				CURRENT_PROJECT_VERSION = 1;
				DEVELOPMENT_TEAM = 4VMH6Q2QV2;
				GENERATE_INFOPLIST_FILE = YES;
				MACOSX_DEPLOYMENT_TARGET = 12.0;
				MARKETING_VERSION = 1.0;
				PRODUCT_BUNDLE_IDENTIFIER = "brittanie.Tests-macOS";
				PRODUCT_NAME = "$(TARGET_NAME)";
				SDKROOT = macosx;
				SWIFT_EMIT_LOC_STRINGS = NO;
				SWIFT_VERSION = 5.0;
				TEST_TARGET_NAME = "CodeHistory (macOS)";
			};
			name = Release;
		};
/* End XCBuildConfiguration section */

/* Begin XCConfigurationList section */
		BCAE8F3527977D8200A253AF /* Build configuration list for PBXProject "CodeHistory" */ = {
			isa = XCConfigurationList;
			buildConfigurations = (
				BCAE8F6527977D8400A253AF /* Debug */,
				BCAE8F6627977D8400A253AF /* Release */,
			);
			defaultConfigurationIsVisible = 0;
			defaultConfigurationName = Release;
		};
		BCAE8F6727977D8400A253AF /* Build configuration list for PBXNativeTarget "CodeHistory (iOS)" */ = {
			isa = XCConfigurationList;
			buildConfigurations = (
				BCAE8F6827977D8400A253AF /* Debug */,
				BCAE8F6927977D8400A253AF /* Release */,
			);
			defaultConfigurationIsVisible = 0;
			defaultConfigurationName = Release;
		};
		BCAE8F6A27977D8400A253AF /* Build configuration list for PBXNativeTarget "CodeHistory (macOS)" */ = {
			isa = XCConfigurationList;
			buildConfigurations = (
				BCAE8F6B27977D8400A253AF /* Debug */,
				BCAE8F6C27977D8400A253AF /* Release */,
			);
			defaultConfigurationIsVisible = 0;
			defaultConfigurationName = Release;
		};
		BCAE8F6D27977D8400A253AF /* Build configuration list for PBXNativeTarget "Tests iOS" */ = {
			isa = XCConfigurationList;
			buildConfigurations = (
				BCAE8F6E27977D8400A253AF /* Debug */,
				BCAE8F6F27977D8400A253AF /* Release */,
			);
			defaultConfigurationIsVisible = 0;
			defaultConfigurationName = Release;
		};
		BCAE8F7027977D8400A253AF /* Build configuration list for PBXNativeTarget "Tests macOS" */ = {
			isa = XCConfigurationList;
			buildConfigurations = (
				BCAE8F7127977D8400A253AF /* Debug */,
				BCAE8F7227977D8400A253AF /* Release */,
			);
			defaultConfigurationIsVisible = 0;
			defaultConfigurationName = Release;
		};
/* End XCConfigurationList section */
	};
	rootObject = BCAE8F3227977D8200A253AF /* Project object */;
}
